
Microsoft Visual Studio Solution File, Format Version 12.00
# Visual Studio 15
VisualStudioVersion = 15.0.28307.271
MinimumVisualStudioVersion = 10.0.40219.1
Project("{FAE04EC0-301F-11D3-BF4B-00C04F79EFBC}") = "SRTP_Stalker_World", "SRTP_Stalker_World\SRTP_Stalker_World.csproj", "{2DF0BC09-F1A5-4D25-89CA-676D1A0FBCAD}"
EndProject
Global
	GlobalSection(SolutionConfigurationPlatforms) = preSolution
		Debug|Any CPU = Debug|Any CPU
		Release|Any CPU = Release|Any CPU
	EndGlobalSection
	GlobalSection(ProjectConfigurationPlatforms) = postSolution
		{2DF0BC09-F1A5-4D25-89CA-676D1A0FBCAD}.Debug|Any CPU.ActiveCfg = Debug|Any CPU
		{2DF0BC09-F1A5-4D25-89CA-676D1A0FBCAD}.Debug|Any CPU.Build.0 = Debug|Any CPU
		{2DF0BC09-F1A5-4D25-89CA-676D1A0FBCAD}.Release|Any CPU.ActiveCfg = Release|Any CPU
		{2DF0BC09-F1A5-4D25-89CA-676D1A0FBCAD}.Release|Any CPU.Build.0 = Release|Any CPU
	EndGlobalSection
	GlobalSection(SolutionProperties) = preSolution
		HideSolutionNode = FALSE
	EndGlobalSection
	GlobalSection(ExtensibilityGlobals) = postSolution
		SolutionGuid = {C3696A71-9CE1-4FCE-9ECF-6E471D4660A8}
	EndGlobalSection
EndGlobal
